// !$*UTF8*$!
{
	archiveVersion = 1;
	classes = {
	};
	objectVersion = 50;
	objects = {

/* Begin PBXBuildFile section */
		B052CED8213688CA004B5E87 /* VersionListViewController.swift in Sources */ = {isa = PBXBuildFile; fileRef = B052CED7213688CA004B5E87 /* VersionListViewController.swift */; };
		B052CEDA2136987E004B5E87 /* VersionListView.swift in Sources */ = {isa = PBXBuildFile; fileRef = B052CED92136987E004B5E87 /* VersionListView.swift */; };
		B066C06A2133CFBD005F126B /* Alamofire.framework in Frameworks */ = {isa = PBXBuildFile; fileRef = B066C0692133CFBD005F126B /* Alamofire.framework */; };
		B066C06B2133CFBD005F126B /* Alamofire.framework in Embed Frameworks */ = {isa = PBXBuildFile; fileRef = B066C0692133CFBD005F126B /* Alamofire.framework */; settings = {ATTRIBUTES = (CodeSignOnCopy, RemoveHeadersOnCopy, ); }; };
		B066C06D2133D1FC005F126B /* DownloadViewController.swift in Sources */ = {isa = PBXBuildFile; fileRef = B066C06C2133D1FC005F126B /* DownloadViewController.swift */; };
		B06D8ED8212E88F400B65EEE /* AppDelegate.swift in Sources */ = {isa = PBXBuildFile; fileRef = B06D8ED7212E88F400B65EEE /* AppDelegate.swift */; };
		B06D8EDA212E88F400B65EEE /* TabViewController.swift in Sources */ = {isa = PBXBuildFile; fileRef = B06D8ED9212E88F400B65EEE /* TabViewController.swift */; };
		B06D8EDC212E88F500B65EEE /* Assets.xcassets in Resources */ = {isa = PBXBuildFile; fileRef = B06D8EDB212E88F500B65EEE /* Assets.xcassets */; };
		B06D8EDF212E88F500B65EEE /* Main.storyboard in Resources */ = {isa = PBXBuildFile; fileRef = B06D8EDD212E88F500B65EEE /* Main.storyboard */; };
		B06D8EE8212EB5FB00B65EEE /* WindowController.swift in Sources */ = {isa = PBXBuildFile; fileRef = B06D8EE7212EB5FB00B65EEE /* WindowController.swift */; };
		B06D8EEA212FB87A00B65EEE /* VersionManager.swift in Sources */ = {isa = PBXBuildFile; fileRef = B06D8EE9212FB87A00B65EEE /* VersionManager.swift */; };
/* End PBXBuildFile section */

/* Begin PBXCopyFilesBuildPhase section */
		B088F07621300F5A00F41F20 /* Embed Frameworks */ = {
			isa = PBXCopyFilesBuildPhase;
			buildActionMask = 2147483647;
			dstPath = "";
			dstSubfolderSpec = 10;
			files = (
				B066C06B2133CFBD005F126B /* Alamofire.framework in Embed Frameworks */,
			);
			name = "Embed Frameworks";
			runOnlyForDeploymentPostprocessing = 0;
		};
/* End PBXCopyFilesBuildPhase section */

/* Begin PBXFileReference section */
		B052CED7213688CA004B5E87 /* VersionListViewController.swift */ = {isa = PBXFileReference; lastKnownFileType = sourcecode.swift; path = VersionListViewController.swift; sourceTree = "<group>"; };
		B052CED92136987E004B5E87 /* VersionListView.swift */ = {isa = PBXFileReference; lastKnownFileType = sourcecode.swift; path = VersionListView.swift; sourceTree = "<group>"; };
		B066C0692133CFBD005F126B /* Alamofire.framework */ = {isa = PBXFileReference; lastKnownFileType = wrapper.framework; name = Alamofire.framework; path = Carthage/Build/Mac/Alamofire.framework; sourceTree = "<group>"; };
		B066C06C2133D1FC005F126B /* DownloadViewController.swift */ = {isa = PBXFileReference; lastKnownFileType = sourcecode.swift; path = DownloadViewController.swift; sourceTree = "<group>"; };
		B06D8ED4212E88F300B65EEE /* node-box.app */ = {isa = PBXFileReference; explicitFileType = wrapper.application; includeInIndex = 0; path = "node-box.app"; sourceTree = BUILT_PRODUCTS_DIR; };
		B06D8ED7212E88F400B65EEE /* AppDelegate.swift */ = {isa = PBXFileReference; lastKnownFileType = sourcecode.swift; path = AppDelegate.swift; sourceTree = "<group>"; };
		B06D8ED9212E88F400B65EEE /* TabViewController.swift */ = {isa = PBXFileReference; lastKnownFileType = sourcecode.swift; path = TabViewController.swift; sourceTree = "<group>"; };
		B06D8EDB212E88F500B65EEE /* Assets.xcassets */ = {isa = PBXFileReference; lastKnownFileType = folder.assetcatalog; path = Assets.xcassets; sourceTree = "<group>"; };
		B06D8EDE212E88F500B65EEE /* Base */ = {isa = PBXFileReference; lastKnownFileType = file.storyboard; name = Base; path = Base.lproj/Main.storyboard; sourceTree = "<group>"; };
		B06D8EE0212E88F500B65EEE /* Info.plist */ = {isa = PBXFileReference; lastKnownFileType = text.plist.xml; path = Info.plist; sourceTree = "<group>"; };
		B06D8EE7212EB5FB00B65EEE /* WindowController.swift */ = {isa = PBXFileReference; lastKnownFileType = sourcecode.swift; path = WindowController.swift; sourceTree = "<group>"; };
		B06D8EE9212FB87A00B65EEE /* VersionManager.swift */ = {isa = PBXFileReference; lastKnownFileType = sourcecode.swift; path = VersionManager.swift; sourceTree = "<group>"; };
		B0F19CEF2133ABC0005C7BD2 /* node-box.entitlements */ = {isa = PBXFileReference; fileEncoding = 4; lastKnownFileType = text.plist.entitlements; path = "node-box.entitlements"; sourceTree = "<group>"; };
/* End PBXFileReference section */

/* Begin PBXFrameworksBuildPhase section */
		B06D8ED1212E88F300B65EEE /* Frameworks */ = {
			isa = PBXFrameworksBuildPhase;
			buildActionMask = 2147483647;
			files = (
				B066C06A2133CFBD005F126B /* Alamofire.framework in Frameworks */,
			);
			runOnlyForDeploymentPostprocessing = 0;
		};
/* End PBXFrameworksBuildPhase section */

/* Begin PBXGroup section */
		B066C0682133CF98005F126B /* Frameworks */ = {
			isa = PBXGroup;
			children = (
				B066C0692133CFBD005F126B /* Alamofire.framework */,
			);
			name = Frameworks;
			sourceTree = "<group>";
		};
		B06D8ECB212E88F300B65EEE = {
			isa = PBXGroup;
			children = (
				B06D8ED6212E88F400B65EEE /* mac */,
				B066C0682133CF98005F126B /* Frameworks */,
				B06D8ED5212E88F300B65EEE /* Products */,
			);
			sourceTree = "<group>";
		};
		B06D8ED5212E88F300B65EEE /* Products */ = {
			isa = PBXGroup;
			children = (
				B06D8ED4212E88F300B65EEE /* node-box.app */,
			);
			name = Products;
			sourceTree = "<group>";
		};
		B06D8ED6212E88F400B65EEE /* mac */ = {
			isa = PBXGroup;
			children = (
				B06D8ED7212E88F400B65EEE /* AppDelegate.swift */,
				B06D8EE7212EB5FB00B65EEE /* WindowController.swift */,
				B06D8ED9212E88F400B65EEE /* TabViewController.swift */,
				B066C06C2133D1FC005F126B /* DownloadViewController.swift */,
				B052CED7213688CA004B5E87 /* VersionListViewController.swift */,
				B052CED92136987E004B5E87 /* VersionListView.swift */,
				B06D8EE9212FB87A00B65EEE /* VersionManager.swift */,
				B06D8EDB212E88F500B65EEE /* Assets.xcassets */,
				B06D8EDD212E88F500B65EEE /* Main.storyboard */,
				B06D8EE0212E88F500B65EEE /* Info.plist */,
				B0F19CEF2133ABC0005C7BD2 /* node-box.entitlements */,
			);
			path = mac;
			sourceTree = "<group>";
		};
/* End PBXGroup section */

/* Begin PBXNativeTarget section */
		B06D8ED3212E88F300B65EEE /* node-box */ = {
			isa = PBXNativeTarget;
			buildConfigurationList = B06D8EE4212E88F500B65EEE /* Build configuration list for PBXNativeTarget "node-box" */;
			buildPhases = (
				B06D8ED0212E88F300B65EEE /* Sources */,
				B06D8ED1212E88F300B65EEE /* Frameworks */,
				B06D8ED2212E88F300B65EEE /* Resources */,
				B088F07621300F5A00F41F20 /* Embed Frameworks */,
			);
			buildRules = (
			);
			dependencies = (
			);
			name = "node-box";
			productName = "node-box";
			productReference = B06D8ED4212E88F300B65EEE /* node-box.app */;
			productType = "com.apple.product-type.application";
		};
/* End PBXNativeTarget section */

/* Begin PBXProject section */
		B06D8ECC212E88F300B65EEE /* Project object */ = {
			isa = PBXProject;
			attributes = {
				LastSwiftUpdateCheck = 0940;
				LastUpgradeCheck = 0940;
				ORGANIZATIONNAME = Learning;
				TargetAttributes = {
					B06D8ED3212E88F300B65EEE = {
						CreatedOnToolsVersion = 9.4.1;
						LastSwiftMigration = 1010;
						SystemCapabilities = {
							com.apple.Sandbox = {
								enabled = 0;
							};
						};
					};
				};
			};
			buildConfigurationList = B06D8ECF212E88F300B65EEE /* Build configuration list for PBXProject "node-box" */;
			compatibilityVersion = "Xcode 9.3";
			developmentRegion = en;
			hasScannedForEncodings = 0;
			knownRegions = (
				en,
				Base,
			);
			mainGroup = B06D8ECB212E88F300B65EEE;
			productRefGroup = B06D8ED5212E88F300B65EEE /* Products */;
			projectDirPath = "";
			projectRoot = "";
			targets = (
				B06D8ED3212E88F300B65EEE /* node-box */,
			);
		};
/* End PBXProject section */

/* Begin PBXResourcesBuildPhase section */
		B06D8ED2212E88F300B65EEE /* Resources */ = {
			isa = PBXResourcesBuildPhase;
			buildActionMask = 2147483647;
			files = (
				B06D8EDC212E88F500B65EEE /* Assets.xcassets in Resources */,
				B06D8EDF212E88F500B65EEE /* Main.storyboard in Resources */,
			);
			runOnlyForDeploymentPostprocessing = 0;
		};
/* End PBXResourcesBuildPhase section */

/* Begin PBXSourcesBuildPhase section */
		B06D8ED0212E88F300B65EEE /* Sources */ = {
			isa = PBXSourcesBuildPhase;
			buildActionMask = 2147483647;
			files = (
				B06D8EEA212FB87A00B65EEE /* VersionManager.swift in Sources */,
				B06D8EDA212E88F400B65EEE /* TabViewController.swift in Sources */,
				B06D8EE8212EB5FB00B65EEE /* WindowController.swift in Sources */,
				B066C06D2133D1FC005F126B /* DownloadViewController.swift in Sources */,
				B052CEDA2136987E004B5E87 /* VersionListView.swift in Sources */,
				B06D8ED8212E88F400B65EEE /* AppDelegate.swift in Sources */,
				B052CED8213688CA004B5E87 /* VersionListViewController.swift in Sources */,
			);
			runOnlyForDeploymentPostprocessing = 0;
		};
/* End PBXSourcesBuildPhase section */

/* Begin PBXVariantGroup section */
		B06D8EDD212E88F500B65EEE /* Main.storyboard */ = {
			isa = PBXVariantGroup;
			children = (
				B06D8EDE212E88F500B65EEE /* Base */,
			);
			name = Main.storyboard;
			sourceTree = "<group>";
		};
/* End PBXVariantGroup section */

/* Begin XCBuildConfiguration section */
		B06D8EE2212E88F500B65EEE /* Debug */ = {
			isa = XCBuildConfiguration;
			buildSettings = {
				ALWAYS_SEARCH_USER_PATHS = NO;
				CLANG_ANALYZER_NONNULL = YES;
				CLANG_ANALYZER_NUMBER_OBJECT_CONVERSION = YES_AGGRESSIVE;
				CLANG_CXX_LANGUAGE_STANDARD = "gnu++14";
				CLANG_CXX_LIBRARY = "libc++";
				CLANG_ENABLE_MODULES = YES;
				CLANG_ENABLE_OBJC_ARC = YES;
				CLANG_ENABLE_OBJC_WEAK = YES;
				CLANG_WARN_BLOCK_CAPTURE_AUTORELEASING = YES;
				CLANG_WARN_BOOL_CONVERSION = YES;
				CLANG_WARN_COMMA = YES;
				CLANG_WARN_CONSTANT_CONVERSION = YES;
				CLANG_WARN_DEPRECATED_OBJC_IMPLEMENTATIONS = YES;
				CLANG_WARN_DIRECT_OBJC_ISA_USAGE = YES_ERROR;
				CLANG_WARN_DOCUMENTATION_COMMENTS = YES;
				CLANG_WARN_EMPTY_BODY = YES;
				CLANG_WARN_ENUM_CONVERSION = YES;
				CLANG_WARN_INFINITE_RECURSION = YES;
				CLANG_WARN_INT_CONVERSION = YES;
				CLANG_WARN_NON_LITERAL_NULL_CONVERSION = YES;
				CLANG_WARN_OBJC_IMPLICIT_RETAIN_SELF = YES;
				CLANG_WARN_OBJC_LITERAL_CONVERSION = YES;
				CLANG_WARN_OBJC_ROOT_CLASS = YES_ERROR;
				CLANG_WARN_RANGE_LOOP_ANALYSIS = YES;
				CLANG_WARN_STRICT_PROTOTYPES = YES;
				CLANG_WARN_SUSPICIOUS_MOVE = YES;
				CLANG_WARN_UNGUARDED_AVAILABILITY = YES_AGGRESSIVE;
				CLANG_WARN_UNREACHABLE_CODE = YES;
				CLANG_WARN__DUPLICATE_METHOD_MATCH = YES;
				CODE_SIGN_IDENTITY = "Mac Developer";
				COPY_PHASE_STRIP = NO;
				DEBUG_INFORMATION_FORMAT = dwarf;
				ENABLE_STRICT_OBJC_MSGSEND = YES;
				ENABLE_TESTABILITY = YES;
				GCC_C_LANGUAGE_STANDARD = gnu11;
				GCC_DYNAMIC_NO_PIC = NO;
				GCC_NO_COMMON_BLOCKS = YES;
				GCC_OPTIMIZATION_LEVEL = 0;
				GCC_PREPROCESSOR_DEFINITIONS = (
					"DEBUG=1",
					"$(inherited)",
				);
				GCC_WARN_64_TO_32_BIT_CONVERSION = YES;
				GCC_WARN_ABOUT_RETURN_TYPE = YES_ERROR;
				GCC_WARN_UNDECLARED_SELECTOR = YES;
				GCC_WARN_UNINITIALIZED_AUTOS = YES_AGGRESSIVE;
				GCC_WARN_UNUSED_FUNCTION = YES;
				GCC_WARN_UNUSED_VARIABLE = YES;
				MACOSX_DEPLOYMENT_TARGET = 10.13;
				MTL_ENABLE_DEBUG_INFO = YES;
				ONLY_ACTIVE_ARCH = YES;
				SDKROOT = macosx;
				SWIFT_ACTIVE_COMPILATION_CONDITIONS = DEBUG;
				SWIFT_OPTIMIZATION_LEVEL = "-Onone";
			};
			name = Debug;
		};
		B06D8EE3212E88F500B65EEE /* Release */ = {
			isa = XCBuildConfiguration;
			buildSettings = {
				ALWAYS_SEARCH_USER_PATHS = NO;
				CLANG_ANALYZER_NONNULL = YES;
				CLANG_ANALYZER_NUMBER_OBJECT_CONVERSION = YES_AGGRESSIVE;
				CLANG_CXX_LANGUAGE_STANDARD = "gnu++14";
				CLANG_CXX_LIBRARY = "libc++";
				CLANG_ENABLE_MODULES = YES;
				CLANG_ENABLE_OBJC_ARC = YES;
				CLANG_ENABLE_OBJC_WEAK = YES;
				CLANG_WARN_BLOCK_CAPTURE_AUTORELEASING = YES;
				CLANG_WARN_BOOL_CONVERSION = YES;
				CLANG_WARN_COMMA = YES;
				CLANG_WARN_CONSTANT_CONVERSION = YES;
				CLANG_WARN_DEPRECATED_OBJC_IMPLEMENTATIONS = YES;
				CLANG_WARN_DIRECT_OBJC_ISA_USAGE = YES_ERROR;
				CLANG_WARN_DOCUMENTATION_COMMENTS = YES;
				CLANG_WARN_EMPTY_BODY = YES;
				CLANG_WARN_ENUM_CONVERSION = YES;
				CLANG_WARN_INFINITE_RECURSION = YES;
				CLANG_WARN_INT_CONVERSION = YES;
				CLANG_WARN_NON_LITERAL_NULL_CONVERSION = YES;
				CLANG_WARN_OBJC_IMPLICIT_RETAIN_SELF = YES;
				CLANG_WARN_OBJC_LITERAL_CONVERSION = YES;
				CLANG_WARN_OBJC_ROOT_CLASS = YES_ERROR;
				CLANG_WARN_RANGE_LOOP_ANALYSIS = YES;
				CLANG_WARN_STRICT_PROTOTYPES = YES;
				CLANG_WARN_SUSPICIOUS_MOVE = YES;
				CLANG_WARN_UNGUARDED_AVAILABILITY = YES_AGGRESSIVE;
				CLANG_WARN_UNREACHABLE_CODE = YES;
				CLANG_WARN__DUPLICATE_METHOD_MATCH = YES;
				CODE_SIGN_IDENTITY = "Mac Developer";
				COPY_PHASE_STRIP = NO;
				DEBUG_INFORMATION_FORMAT = "dwarf-with-dsym";
				ENABLE_NS_ASSERTIONS = NO;
				ENABLE_STRICT_OBJC_MSGSEND = YES;
				GCC_C_LANGUAGE_STANDARD = gnu11;
				GCC_NO_COMMON_BLOCKS = YES;
				GCC_WARN_64_TO_32_BIT_CONVERSION = YES;
				GCC_WARN_ABOUT_RETURN_TYPE = YES_ERROR;
				GCC_WARN_UNDECLARED_SELECTOR = YES;
				GCC_WARN_UNINITIALIZED_AUTOS = YES_AGGRESSIVE;
				GCC_WARN_UNUSED_FUNCTION = YES;
				GCC_WARN_UNUSED_VARIABLE = YES;
				MACOSX_DEPLOYMENT_TARGET = 10.13;
				MTL_ENABLE_DEBUG_INFO = NO;
				SDKROOT = macosx;
				SWIFT_COMPILATION_MODE = wholemodule;
				SWIFT_OPTIMIZATION_LEVEL = "-O";
			};
			name = Release;
		};
		B06D8EE5212E88F500B65EEE /* Debug */ = {
			isa = XCBuildConfiguration;
			buildSettings = {
				ASSETCATALOG_COMPILER_APPICON_NAME = AppIcon;
				CODE_SIGN_STYLE = Automatic;
				COMBINE_HIDPI_IMAGES = YES;
				DEVELOPMENT_TEAM = V4E6WEDBWR;
				FRAMEWORK_SEARCH_PATHS = (
					"$(inherited)",
					"$(PROJECT_DIR)/Carthage/Build/Mac",
				);
				INFOPLIST_FILE = mac/Info.plist;
				LD_RUNPATH_SEARCH_PATHS = (
					"$(inherited)",
					"@executable_path/../Frameworks",
				);
				MACOSX_DEPLOYMENT_TARGET = 10.11;
				PRODUCT_BUNDLE_IDENTIFIER = "com.learningcn.node-box";
				PRODUCT_NAME = "$(TARGET_NAME)";
				SWIFT_VERSION = 4.2;
			};
			name = Debug;
		};
		B06D8EE6212E88F500B65EEE /* Release */ = {
			isa = XCBuildConfiguration;
			buildSettings = {
				ASSETCATALOG_COMPILER_APPICON_NAME = AppIcon;
				CODE_SIGN_STYLE = Automatic;
				COMBINE_HIDPI_IMAGES = YES;
				DEVELOPMENT_TEAM = V4E6WEDBWR;
				FRAMEWORK_SEARCH_PATHS = (
					"$(inherited)",
					"$(PROJECT_DIR)/Carthage/Build/Mac",
				);
				INFOPLIST_FILE = mac/Info.plist;
				LD_RUNPATH_SEARCH_PATHS = (
					"$(inherited)",
					"@executable_path/../Frameworks",
				);
				MACOSX_DEPLOYMENT_TARGET = 10.11;
				PRODUCT_BUNDLE_IDENTIFIER = "com.learningcn.node-box";
				PRODUCT_NAME = "$(TARGET_NAME)";
				SWIFT_VERSION = 4.2;
			};
			name = Release;
		};
/* End XCBuildConfiguration section */

/* Begin XCConfigurationList section */
		B06D8ECF212E88F300B65EEE /* Build configuration list for PBXProject "node-box" */ = {
			isa = XCConfigurationList;
			buildConfigurations = (
				B06D8EE2212E88F500B65EEE /* Debug */,
				B06D8EE3212E88F500B65EEE /* Release */,
			);
			defaultConfigurationIsVisible = 0;
			defaultConfigurationName = Release;
		};
		B06D8EE4212E88F500B65EEE /* Build configuration list for PBXNativeTarget "node-box" */ = {
			isa = XCConfigurationList;
			buildConfigurations = (
				B06D8EE5212E88F500B65EEE /* Debug */,
				B06D8EE6212E88F500B65EEE /* Release */,
			);
			defaultConfigurationIsVisible = 0;
			defaultConfigurationName = Release;
		};
/* End XCConfigurationList section */
	};
	rootObject = B06D8ECC212E88F300B65EEE /* Project object */;
}
